
Microsoft Visual Studio Solution File, Format Version 12.00
# Visual Studio Version 17
VisualStudioVersion = 17.5.33530.505
MinimumVisualStudioVersion = 10.0.40219.1
Project("{9A19103F-16F7-4668-BE54-9A1E7A4F7556}") = "Todo", "Todo\Todo.csproj", "{2971E2BE-F281-4D74-A846-3ADB63592107}"
EndProject
Project("{9A19103F-16F7-4668-BE54-9A1E7A4F7556}") = "Database", "Database\Database.csproj", "{1C23E10A-871E-46B8-A00A-8E3B5D745A61}"
EndProject
Project("{9A19103F-16F7-4668-BE54-9A1E7A4F7556}") = "Service", "Service\Service.csproj", "{169D7A17-A5B5-40BC-8C79-E02D28E6748A}"
EndProject
Global
	GlobalSection(SolutionConfigurationPlatforms) = preSolution
		Debug|Any CPU = Debug|Any CPU
		Release|Any CPU = Release|Any CPU
	EndGlobalSection
	GlobalSection(ProjectConfigurationPlatforms) = postSolution
		{2971E2BE-F281-4D74-A846-3ADB63592107}.Debug|Any CPU.ActiveCfg = Debug|Any CPU
		{2971E2BE-F281-4D74-A846-3ADB63592107}.Debug|Any CPU.Build.0 = Debug|Any CPU
		{2971E2BE-F281-4D74-A846-3ADB63592107}.Release|Any CPU.ActiveCfg = Release|Any CPU
		{2971E2BE-F281-4D74-A846-3ADB63592107}.Release|Any CPU.Build.0 = Release|Any CPU
		{1C23E10A-871E-46B8-A00A-8E3B5D745A61}.Debug|Any CPU.ActiveCfg = Debug|Any CPU
		{1C23E10A-871E-46B8-A00A-8E3B5D745A61}.Debug|Any CPU.Build.0 = Debug|Any CPU
		{1C23E10A-871E-46B8-A00A-8E3B5D745A61}.Release|Any CPU.ActiveCfg = Release|Any CPU
		{1C23E10A-871E-46B8-A00A-8E3B5D745A61}.Release|Any CPU.Build.0 = Release|Any CPU
		{169D7A17-A5B5-40BC-8C79-E02D28E6748A}.Debug|Any CPU.ActiveCfg = Debug|Any CPU
		{169D7A17-A5B5-40BC-8C79-E02D28E6748A}.Debug|Any CPU.Build.0 = Debug|Any CPU
		{169D7A17-A5B5-40BC-8C79-E02D28E6748A}.Release|Any CPU.ActiveCfg = Release|Any CPU
		{169D7A17-A5B5-40BC-8C79-E02D28E6748A}.Release|Any CPU.Build.0 = Release|Any CPU
	EndGlobalSection
	GlobalSection(SolutionProperties) = preSolution
		HideSolutionNode = FALSE
	EndGlobalSection
	GlobalSection(ExtensibilityGlobals) = postSolution
		SolutionGuid = {B0C7AA0B-D22A-4F65-81B1-119FA7858DAA}
	EndGlobalSection
EndGlobal
